
Microsoft Visual Studio Solution File, Format Version 12.00
# Visual Studio Version 16
VisualStudioVersion = 16.0.31515.178
MinimumVisualStudioVersion = 10.0.40219.1
Project("{FAE04EC0-301F-11D3-BF4B-00C04F79EFBC}") = "OMSWebMini", "OMSWebMini\OMSWebMini.csproj", "{B44BDCC7-E7DD-4C93-9F90-5974C539C66B}"
EndProject
Global
	GlobalSection(SolutionConfigurationPlatforms) = preSolution
		Debug|Any CPU = Debug|Any CPU
		Release|Any CPU = Release|Any CPU
	EndGlobalSection
	GlobalSection(ProjectConfigurationPlatforms) = postSolution
		{B44BDCC7-E7DD-4C93-9F90-5974C539C66B}.Debug|Any CPU.ActiveCfg = Debug|Any CPU
		{B44BDCC7-E7DD-4C93-9F90-5974C539C66B}.Debug|Any CPU.Build.0 = Debug|Any CPU
		{B44BDCC7-E7DD-4C93-9F90-5974C539C66B}.Release|Any CPU.ActiveCfg = Release|Any CPU
		{B44BDCC7-E7DD-4C93-9F90-5974C539C66B}.Release|Any CPU.Build.0 = Release|Any CPU
	EndGlobalSection
	GlobalSection(SolutionProperties) = preSolution
		HideSolutionNode = FALSE
	EndGlobalSection
	GlobalSection(ExtensibilityGlobals) = postSolution
		SolutionGuid = {DD83152E-F058-4ED1-8B6D-56BC24EF03DE}
	EndGlobalSection
EndGlobal
